
Microsoft Visual Studio Solution File, Format Version 12.00
# Visual Studio Version 16
VisualStudioVersion = 16.0.31321.278
MinimumVisualStudioVersion = 10.0.40219.1
Project("{FAE04EC0-301F-11D3-BF4B-00C04F79EFBC}") = "WindowsFormsApp2", "WindowsFormsApp2\WindowsFormsApp2.csproj", "{2593B503-2475-4832-B6CB-8AC6CE24A5CB}"
EndProject
Global
	GlobalSection(SolutionConfigurationPlatforms) = preSolution
		Debug|Any CPU = Debug|Any CPU
		Release|Any CPU = Release|Any CPU
	EndGlobalSection
	GlobalSection(ProjectConfigurationPlatforms) = postSolution
		{2593B503-2475-4832-B6CB-8AC6CE24A5CB}.Debug|Any CPU.ActiveCfg = Debug|Any CPU
		{2593B503-2475-4832-B6CB-8AC6CE24A5CB}.Debug|Any CPU.Build.0 = Debug|Any CPU
		{2593B503-2475-4832-B6CB-8AC6CE24A5CB}.Release|Any CPU.ActiveCfg = Release|Any CPU
		{2593B503-2475-4832-B6CB-8AC6CE24A5CB}.Release|Any CPU.Build.0 = Release|Any CPU
	EndGlobalSection
	GlobalSection(SolutionProperties) = preSolution
		HideSolutionNode = FALSE
	EndGlobalSection
	GlobalSection(ExtensibilityGlobals) = postSolution
		SolutionGuid = {C187B964-B797-4F98-BE00-F9A644A31E59}
	EndGlobalSection
EndGlobal
